dependencies:
- name: nats
  repository: https://nats-io.github.io/k8s/helm/charts/
  version: 1.2.5
- name: vault
  repository: https://helm.releases.hashicorp.com
  version: 0.30.0
digest: sha256:4f5992ed0b4b2bd018b2c12cfa0b4a64adcf6deae6575b39c3b86cea89128f7b
generated: "2026-07-14T10:17:36.815991962Z"
